<?xml version="1.0" encoding="utf-8"?>
<Project ToolsVersion="4.0" xmlns="http://schemas.microsoft.com/developer/msbuild/2003">
  <ItemGroup>
    <ClCompile Include="template\template.cpp">
      <Filter>Template</Filter>
    </ClCompile>
    <ClCompile Include="Entity.cpp">
      <Filter>Source Files\Entities</Filter>
    </ClCompile>
    <ClCompile Include="HugeTank.cpp">
      <Filter>Source Files\Entities</Filter>
    </ClCompile>
    <ClCompile Include="Projectile.cpp">
      <Filter>Source Files\Entities</Filter>
    </ClCompile>
    <ClCompile Include="SmallTank.cpp">
      <Filter>Source Files\Entities</Filter>
    </ClCompile>
    <ClCompile Include="Unit.cpp">
      <Filter>Source Files\Entities</Filter>
    </ClCompile>
    <ClCompile Include="Wreck.cpp">
      <Filter>Source Files\Entities</Filter>
    </ClCompile>
    <ClCompile Include="Explosion.cpp">
      <Filter>Source Files\Entities</Filter>
    </ClCompile>
    <ClCompile Include="Military.cpp">
      <Filter>Source Files\Entities</Filter>
    </ClCompile>
    <ClCompile Include="ColliderComponent.cpp">
      <Filter>Source Files\Components</Filter>
    </ClCompile>
    <ClCompile Include="Component.cpp">
      <Filter>Source Files\Components</Filter>
    </ClCompile>
    <ClCompile Include="SelectingComponent.cpp">
      <Filter>Source Files\Components</Filter>
    </ClCompile>
    <ClCompile Include="SpriteComponent.cpp">
      <Filter>Source Files\Components</Filter>
    </ClCompile>
    <ClCompile Include="TransformComponent.cpp">
      <Filter>Source Files\Components</Filter>
    </ClCompile>
    <ClCompile Include="TurretComponent.cpp">
      <Filter>Source Files\Components</Filter>
    </ClCompile>
    <ClCompile Include="Smoke.cpp">
      <Filter>Source Files\Entities</Filter>
    </ClCompile>
    <ClCompile Include="OneOff.cpp">
      <Filter>Source Files\Entities</Filter>
    </ClCompile>
    <ClCompile Include="Group.cpp">
      <Filter>Source Files\Entities</Filter>
    </ClCompile>
    <ClCompile Include="UICanvas.cpp">
      <Filter>Source Files\UI</Filter>
    </ClCompile>
    <ClCompile Include="UIElement.cpp">
      <Filter>Source Files\UI</Filter>
    </ClCompile>
    <ClCompile Include="UISprite.cpp">
      <Filter>Source Files\UI</Filter>
    </ClCompile>
    <ClCompile Include="DynamicCursor.cpp">
      <Filter>Source Files\UI</Filter>
    </ClCompile>
    <ClCompile Include="Chopper.cpp">
      <Filter>Source Files\Entities</Filter>
    </ClCompile>
    <ClCompile Include="AssetManager.cpp">
      <Filter>Source Files\Singletons</Filter>
    </ClCompile>
    <ClCompile Include="Army.cpp">
      <Filter>Source Files\Other</Filter>
    </ClCompile>
    <ClCompile Include="Commands.cpp">
      <Filter>Source Files\Other</Filter>
    </ClCompile>
    <ClCompile Include="game.cpp">
      <Filter>Source Files\Other</Filter>
    </ClCompile>
    <ClCompile Include="Location.cpp">
      <Filter>Source Files\Other</Filter>
    </ClCompile>
    <ClCompile Include="Selection.cpp">
      <Filter>Source Files\Other</Filter>
    </ClCompile>
    <ClCompile Include="Opponent.cpp">
      <Filter>Source Files\Entities</Filter>
    </ClCompile>
    <ClCompile Include="Player.cpp">
      <Filter>Source Files\Entities</Filter>
    </ClCompile>
    <ClCompile Include="Action.cpp">
      <Filter>Source Files\Other</Filter>
    </ClCompile>
    <ClCompile Include="UIButton.cpp">
      <Filter>Source Files\UI</Filter>
    </ClCompile>
    <ClCompile Include="EntityManager.cpp">
      <Filter>Source Files\Entities</Filter>
    </ClCompile>
    <ClCompile Include="Binding.cpp">
      <Filter>Source Files\Input</Filter>
    </ClCompile>
    <ClCompile Include="Input.cpp">
      <Filter>Source Files\Input</Filter>
    </ClCompile>
    <ClCompile Include="InputManager.cpp">
      <Filter>Source Files\Input</Filter>
    </ClCompile>
    <ClCompile Include="BoundingBox.cpp">
      <Filter>Source Files\Collision</Filter>
    </ClCompile>
    <ClCompile Include="Quadtree.cpp">
      <Filter>Source Files\Collision</Filter>
    </ClCompile>
    <ClCompile Include="Camera.cpp">
      <Filter>Source Files\Drawing</Filter>
    </ClCompile>
    <ClCompile Include="DebugDrawable.cpp">
      <Filter>Source Files\Drawing</Filter>
    </ClCompile>
    <ClCompile Include="Drawable.cpp">
      <Filter>Source Files\Drawing</Filter>
    </ClCompile>
    <ClCompile Include="DrawFuncs.cpp">
      <Filter>Source Files\Drawing</Filter>
    </ClCompile>
    <ClCompile Include="MySprite.cpp">
      <Filter>Source Files\Drawing</Filter>
    </ClCompile>
    <ClCompile Include="PlayingCampaign.cpp">
      <Filter>Source Files\Scenes</Filter>
    </ClCompile>
    <ClCompile Include="MainMenu.cpp">
      <Filter>Source Files\Scenes</Filter>
    </ClCompile>
    <ClCompile Include="Scene.cpp">
      <Filter>Source Files\Scenes</Filter>
    </ClCompile>
    <ClCompile Include="Subject.cpp">
      <Filter>Source Files\Observing</Filter>
    </ClCompile>
    <ClCompile Include="Observer.cpp">
      <Filter>Source Files\Observing</Filter>
    </ClCompile>
    <ClCompile Include="PlayerData.cpp">
      <Filter>Source Files\PlayerData</Filter>
    </ClCompile>
    <ClCompile Include="Variable.cpp">
      <Filter>Source Files\PlayerData</Filter>
    </ClCompile>
    <ClCompile Include="Tileset.cpp">
      <Filter>Source Files\Tiles</Filter>
    </ClCompile>
    <ClCompile Include="TileMap.cpp">
      <Filter>Source Files\Tiles</Filter>
    </ClCompile>
    <ClCompile Include="UIMiniMap.cpp">
      <Filter>Source Files\UI</Filter>
    </ClCompile>
    <ClCompile Include="UIText.cpp">
      <Filter>Source Files\UI</Filter>
    </ClCompile>
  </ItemGroup>
  <ItemGroup>
    <ClInclude Include="cl\tools.cl" />
    <ClInclude Include="Entity.h">
      <Filter>Header Files\Entities</Filter>
    </ClInclude>
    <ClInclude Include="Explosion.h">
      <Filter>Header Files\Entities</Filter>
    </ClInclude>
    <ClInclude Include="HugeTank.h">
      <Filter>Header Files\Entities</Filter>
    </ClInclude>
    <ClInclude Include="Military.h">
      <Filter>Header Files\Entities</Filter>
    </ClInclude>
    <ClInclude Include="Projectile.h">
      <Filter>Header Files\Entities</Filter>
    </ClInclude>
    <ClInclude Include="SmallTank.h">
      <Filter>Header Files\Entities</Filter>
    </ClInclude>
    <ClInclude Include="Unit.h">
      <Filter>Header Files\Entities</Filter>
    </ClInclude>
    <ClInclude Include="Wreck.h">
      <Filter>Header Files\Entities</Filter>
    </ClInclude>
    <ClInclude Include="ColliderComponent.h">
      <Filter>Header Files\Components</Filter>
    </ClInclude>
    <ClInclude Include="Component.h">
      <Filter>Header Files\Components</Filter>
    </ClInclude>
    <ClInclude Include="SelectingComponent.h">
      <Filter>Header Files\Components</Filter>
    </ClInclude>
    <ClInclude Include="SpriteComponent.h">
      <Filter>Header Files\Components</Filter>
    </ClInclude>
    <ClInclude Include="TransformComponent.h">
      <Filter>Header Files\Components</Filter>
    </ClInclude>
    <ClInclude Include="TurretComponent.h">
      <Filter>Header Files\Components</Filter>
    </ClInclude>
    <ClInclude Include="Smoke.h">
      <Filter>Header Files\Entities</Filter>
    </ClInclude>
    <ClInclude Include="OneOff.h">
      <Filter>Header Files\Entities</Filter>
    </ClInclude>
    <ClInclude Include="Group.h">
      <Filter>Header Files\Entities</Filter>
    </ClInclude>
    <ClInclude Include="UICanvas.h">
      <Filter>Header Files\UI</Filter>
    </ClInclude>
    <ClInclude Include="UIElement.h">
      <Filter>Header Files\UI</Filter>
    </ClInclude>
    <ClInclude Include="UISprite.h">
      <Filter>Header Files\UI</Filter>
    </ClInclude>
    <ClInclude Include="DynamicCursor.h">
      <Filter>Header Files\UI</Filter>
    </ClInclude>
    <ClInclude Include="Chopper.h">
      <Filter>Header Files\Entities</Filter>
    </ClInclude>
    <ClInclude Include="Singleton.h">
      <Filter>Header Files\Singletons</Filter>
    </ClInclude>
    <ClInclude Include="TimeManager.h">
      <Filter>Header Files\Singletons</Filter>
    </ClInclude>
    <ClInclude Include="Army.h">
      <Filter>Header Files\Other</Filter>
    </ClInclude>
    <ClInclude Include="Commands.h">
      <Filter>Header Files\Other</Filter>
    </ClInclude>
    <ClInclude Include="DataSuper.h">
      <Filter>Header Files\Other</Filter>
    </ClInclude>
    <ClInclude Include="enums.h">
      <Filter>Header Files\Other</Filter>
    </ClInclude>
    <ClInclude Include="game.h">
      <Filter>Header Files\Other</Filter>
    </ClInclude>
    <ClInclude Include="PerlinNoise.h">
      <Filter>Header Files\Other</Filter>
    </ClInclude>
    <ClInclude Include="Selection.h">
      <Filter>Header Files\Other</Filter>
    </ClInclude>
    <ClInclude Include="Opponent.h">
      <Filter>Header Files\Entities</Filter>
    </ClInclude>
    <ClInclude Include="Player.h">
      <Filter>Header Files\Entities</Filter>
    </ClInclude>
    <ClInclude Include="Action.h">
      <Filter>Header Files\Other</Filter>
    </ClInclude>
    <ClInclude Include="UIButton.h">
      <Filter>Header Files\UI</Filter>
    </ClInclude>
    <ClInclude Include="InputManager.h">
      <Filter>Header Files\Input</Filter>
    </ClInclude>
    <ClInclude Include="Binding.h">
      <Filter>Header Files\Input</Filter>
    </ClInclude>
    <ClInclude Include="Input.h">
      <Filter>Header Files\Input</Filter>
    </ClInclude>
    <ClInclude Include="BoundingBox.h">
      <Filter>Header Files\Collision</Filter>
    </ClInclude>
    <ClInclude Include="Quadtree.h">
      <Filter>Header Files\Collision</Filter>
    </ClInclude>
    <ClInclude Include="DebugDrawable.h">
      <Filter>Header Files\Drawing</Filter>
    </ClInclude>
    <ClInclude Include="MySprite.h">
      <Filter>Header Files\Drawing</Filter>
    </ClInclude>
    <ClInclude Include="Drawable.h">
      <Filter>Header Files\Drawing</Filter>
    </ClInclude>
    <ClInclude Include="DrawFuncs.h">
      <Filter>Header Files\Drawing</Filter>
    </ClInclude>
    <ClInclude Include="Camera.h">
      <Filter>Header Files\Drawing</Filter>
    </ClInclude>
    <ClInclude Include="TileMap.h">
      <Filter>Header Files\Tiles</Filter>
    </ClInclude>
    <ClInclude Include="Tileset.h">
      <Filter>Header Files\Tiles</Filter>
    </ClInclude>
    <ClInclude Include="EntityManager.h">
      <Filter>Header Files\Entities</Filter>
    </ClInclude>
    <ClInclude Include="AssetManager.h">
      <Filter>Header Files\Singletons</Filter>
    </ClInclude>
    <ClInclude Include="Location.h">
      <Filter>Header Files\PlayerData</Filter>
    </ClInclude>
    <ClInclude Include="NearbyCollider.h">
      <Filter>Header Files\Collision</Filter>
    </ClInclude>
    <ClInclude Include="PlayerData.h">
      <Filter>Header Files\PlayerData</Filter>
    </ClInclude>
    <ClInclude Include="Variable.h">
      <Filter>Header Files\PlayerData</Filter>
    </ClInclude>
    <ClInclude Include="Subject.h">
      <Filter>Header Files\Observing</Filter>
    </ClInclude>
    <ClInclude Include="Observer.h">
      <Filter>Header Files\Observing</Filter>
    </ClInclude>
    <ClInclude Include="template\precomp.h">
      <Filter>Template</Filter>
    </ClInclude>
    <ClInclude Include="template\common.h">
      <Filter>Template</Filter>
    </ClInclude>
    <ClInclude Include="UIMiniMap.h">
      <Filter>Header Files\UI</Filter>
    </ClInclude>
    <ClInclude Include="UIText.h">
      <Filter>Header Files\UI</Filter>
    </ClInclude>
    <ClInclude Include="PlayingCampaign.h">
      <Filter>Header Files\Scenes</Filter>
    </ClInclude>
    <ClInclude Include="Scene.h">
      <Filter>Header Files\Scenes</Filter>
    </ClInclude>
    <ClInclude Include="MainMenu.h">
      <Filter>Header Files\Scenes</Filter>
    </ClInclude>
  </ItemGroup>
  <ItemGroup>
    <None Include="README.md" />
    <None Include="template\LICENSE" />
    <None Include="cl\kernels.cl" />
  </ItemGroup>
  <ItemGroup>
    <Filter Include="Source Files">
      <UniqueIdentifier>{1302cbed-1dff-44c7-a801-b23df192e51a}</UniqueIdentifier>
      <Extensions>cpp;c;cc;cxx;c++;cppm;ixx;def;odl;idl;hpj;bat;asm;asmx</Extensions>
    </Filter>
    <Filter Include="Header Files">
      <UniqueIdentifier>{60e1e941-6d74-4ed8-a36a-f181be9708ab}</UniqueIdentifier>
      <Extensions>h;hh;hpp;hxx;h++;hm;inl;inc;ipp;xsd</Extensions>
    </Filter>
    <Filter Include="Template">
      <UniqueIdentifier>{713092aa-306d-4c70-9992-061a3a2bb3b8}</UniqueIdentifier>
    </Filter>
    <Filter Include="Source Files\UI">
      <UniqueIdentifier>{e4518df5-2f54-4361-b1f0-8e250f62e34f}</UniqueIdentifier>
    </Filter>
    <Filter Include="Source Files\Collision">
      <UniqueIdentifier>{7a1d06ab-f7ba-45aa-8826-0fb9a88742ca}</UniqueIdentifier>
    </Filter>
    <Filter Include="Source Files\Components">
      <UniqueIdentifier>{78d06a7e-03a4-461d-b576-5e5c6d6cad07}</UniqueIdentifier>
    </Filter>
    <Filter Include="Source Files\Drawing">
      <UniqueIdentifier>{c23a345b-2393-447c-b744-3b1a410527a9}</UniqueIdentifier>
    </Filter>
    <Filter Include="Source Files\Entities">
      <UniqueIdentifier>{9c90dc71-ee83-4d99-9adc-8da6b3dace87}</UniqueIdentifier>
    </Filter>
    <Filter Include="Source Files\Input">
      <UniqueIdentifier>{352beedb-1abe-4465-ae92-9740bc88d897}</UniqueIdentifier>
    </Filter>
    <Filter Include="Source Files\Observing">
      <UniqueIdentifier>{610a6b2e-bcb4-46cd-8039-10153325dc75}</UniqueIdentifier>
    </Filter>
    <Filter Include="Source Files\Other">
      <UniqueIdentifier>{50cabd81-9fab-4ae2-991d-485956e71296}</UniqueIdentifier>
    </Filter>
    <Filter Include="Source Files\PlayerData">
      <UniqueIdentifier>{0bc3dcd8-f048-49d8-ad0f-fbba8ff2abe8}</UniqueIdentifier>
    </Filter>
    <Filter Include="Source Files\Scenes">
      <UniqueIdentifier>{6498bcdd-7a8e-4911-a475-c203b97d344f}</UniqueIdentifier>
    </Filter>
    <Filter Include="Source Files\Singletons">
      <UniqueIdentifier>{870ae1b8-5a00-4ad4-b8e7-ede3422e975d}</UniqueIdentifier>
    </Filter>
    <Filter Include="Source Files\Tiles">
      <UniqueIdentifier>{b98de82c-4b97-4db2-b592-ece91b66289a}</UniqueIdentifier>
    </Filter>
    <Filter Include="Header Files\UI">
      <UniqueIdentifier>{35907459-8792-4970-a571-dc19cde05a8d}</UniqueIdentifier>
    </Filter>
    <Filter Include="Header Files\Collision">
      <UniqueIdentifier>{47900ef4-6683-4898-b374-09a68504607d}</UniqueIdentifier>
    </Filter>
    <Filter Include="Header Files\Components">
      <UniqueIdentifier>{d2553764-b682-4597-ab9b-cd92a008489f}</UniqueIdentifier>
    </Filter>
    <Filter Include="Header Files\Drawing">
      <UniqueIdentifier>{438a5d3d-ad20-4d67-a5a2-1b9601e7dfdc}</UniqueIdentifier>
    </Filter>
    <Filter Include="Header Files\Entities">
      <UniqueIdentifier>{3c8a8b6e-8549-43c6-860f-2325236675dd}</UniqueIdentifier>
    </Filter>
    <Filter Include="Header Files\Input">
      <UniqueIdentifier>{48ca77e7-4caa-4efa-9401-1a417574f010}</UniqueIdentifier>
    </Filter>
    <Filter Include="Header Files\Observing">
      <UniqueIdentifier>{10923f49-2c4b-4066-85f5-1cbf06472254}</UniqueIdentifier>
    </Filter>
    <Filter Include="Header Files\Other">
      <UniqueIdentifier>{2f9ab399-ae4f-40ec-8ba4-123caff86af1}</UniqueIdentifier>
    </Filter>
    <Filter Include="Header Files\PlayerData">
      <UniqueIdentifier>{d8fb0ddf-bce8-4f8d-a4f4-854fd6764554}</UniqueIdentifier>
    </Filter>
    <Filter Include="Header Files\Scenes">
      <UniqueIdentifier>{18d04d27-51d4-498a-b003-b009080da027}</UniqueIdentifier>
    </Filter>
    <Filter Include="Header Files\Singletons">
      <UniqueIdentifier>{3c3c9ade-1cdb-484b-84de-1066eeb8ac62}</UniqueIdentifier>
    </Filter>
    <Filter Include="Header Files\Tiles">
      <UniqueIdentifier>{7fe2f7a7-1c89-492e-bf51-d7b702cb034a}</UniqueIdentifier>
    </Filter>
  </ItemGroup>
</Project>